
Microsoft Visual Studio Solution File, Format Version 12.00
# Visual Studio Version 16
VisualStudioVersion = 16.0.31424.327
MinimumVisualStudioVersion = 10.0.40219.1
Project("{FAE04EC0-301F-11D3-BF4B-00C04F79EFBC}") = "ChooseYourOwnAdventure", "ChooseYourOwnAdventure.csproj", "{35E47BC3-39A6-4B7C-A1B4-C72E50F50EFA}"
EndProject
Global
	GlobalSection(SolutionConfigurationPlatforms) = preSolution
		Debug|Any CPU = Debug|Any CPU
		Release|Any CPU = Release|Any CPU
	EndGlobalSection
	GlobalSection(ProjectConfigurationPlatforms) = postSolution
		{35E47BC3-39A6-4B7C-A1B4-C72E50F50EFA}.Debug|Any CPU.ActiveCfg = Debug|Any CPU
		{35E47BC3-39A6-4B7C-A1B4-C72E50F50EFA}.Debug|Any CPU.Build.0 = Debug|Any CPU
		{35E47BC3-39A6-4B7C-A1B4-C72E50F50EFA}.Release|Any CPU.ActiveCfg = Release|Any CPU
		{35E47BC3-39A6-4B7C-A1B4-C72E50F50EFA}.Release|Any CPU.Build.0 = Release|Any CPU
	EndGlobalSection
	GlobalSection(SolutionProperties) = preSolution
		HideSolutionNode = FALSE
	EndGlobalSection
	GlobalSection(ExtensibilityGlobals) = postSolution
		SolutionGuid = {3E7047EF-BEB8-46D2-AB07-895C9E71708F}
	EndGlobalSection
EndGlobal
